// !$*UTF8*$!
{
	archiveVersion = 1;
	classes = {
	};
	objectVersion = 50;
	objects = {

/* Begin PBXBuildFile section */
		770BD16626C8AA8F00E8CD4F /* Color.swift in Sources */ = {isa = PBXBuildFile; fileRef = 770BD16526C8AA8F00E8CD4F /* Color.swift */; };
		770BD16826C8AAA400E8CD4F /* ModifiersListView.swift in Sources */ = {isa = PBXBuildFile; fileRef = 770BD16726C8AAA400E8CD4F /* ModifiersListView.swift */; };
		770BD16A26C8AAB800E8CD4F /* NextButton.swift in Sources */ = {isa = PBXBuildFile; fileRef = 770BD16926C8AAB800E8CD4F /* NextButton.swift */; };
		770BD16F26C8B39F00E8CD4F /* Note.swift in Sources */ = {isa = PBXBuildFile; fileRef = 770BD16E26C8B39F00E8CD4F /* Note.swift */; };
		770BD17126C8B3B800E8CD4F /* Mode.swift in Sources */ = {isa = PBXBuildFile; fileRef = 770BD17026C8B3B800E8CD4F /* Mode.swift */; };
		770BD17326C8B3C800E8CD4F /* Key.swift in Sources */ = {isa = PBXBuildFile; fileRef = 770BD17226C8B3C800E8CD4F /* Key.swift */; };
		770BD17526C8B3D600E8CD4F /* Describable.swift in Sources */ = {isa = PBXBuildFile; fileRef = 770BD17426C8B3D600E8CD4F /* Describable.swift */; };
		770BD17926C8B41000E8CD4F /* Rhythm.swift in Sources */ = {isa = PBXBuildFile; fileRef = 770BD17826C8B41000E8CD4F /* Rhythm.swift */; };
		770BD17B26C8B42300E8CD4F /* Scale.swift in Sources */ = {isa = PBXBuildFile; fileRef = 770BD17A26C8B42300E8CD4F /* Scale.swift */; };
		770BD17D26C8B43500E8CD4F /* TimeSignature.swift in Sources */ = {isa = PBXBuildFile; fileRef = 770BD17C26C8B43500E8CD4F /* TimeSignature.swift */; };
		770BD18326C8B4BB00E8CD4F /* Interval.swift in Sources */ = {isa = PBXBuildFile; fileRef = 770BD18226C8B4BB00E8CD4F /* Interval.swift */; };
		770BD18526C915F000E8CD4F /* PianoKey.swift in Sources */ = {isa = PBXBuildFile; fileRef = 770BD18426C915F000E8CD4F /* PianoKey.swift */; };
		770BD18726C9165B00E8CD4F /* RoundedCornerShape.swift in Sources */ = {isa = PBXBuildFile; fileRef = 770BD18626C9165B00E8CD4F /* RoundedCornerShape.swift */; };
		770BD18926C9175500E8CD4F /* PianoOctave.swift in Sources */ = {isa = PBXBuildFile; fileRef = 770BD18826C9175500E8CD4F /* PianoOctave.swift */; };
		770BD22726CDDA1100E8CD4F /* Modifiers.swift in Sources */ = {isa = PBXBuildFile; fileRef = 770BD22626CDDA1100E8CD4F /* Modifiers.swift */; };
		770BD22926CDDBF800E8CD4F /* ModifierView.swift in Sources */ = {isa = PBXBuildFile; fileRef = 770BD22826CDDBF800E8CD4F /* ModifierView.swift */; };
		770BD22B26CDDC9700E8CD4F /* ModifierHandView.swift in Sources */ = {isa = PBXBuildFile; fileRef = 770BD22A26CDDC9700E8CD4F /* ModifierHandView.swift */; };
		770BD22D26CE199B00E8CD4F /* ScaleView.swift in Sources */ = {isa = PBXBuildFile; fileRef = 770BD22C26CE199B00E8CD4F /* ScaleView.swift */; };
		770BD23126CE205000E8CD4F /* Arpeggio.swift in Sources */ = {isa = PBXBuildFile; fileRef = 770BD23026CE205000E8CD4F /* Arpeggio.swift */; };
		770BD23326CE209900E8CD4F /* DisplayMode.swift in Sources */ = {isa = PBXBuildFile; fileRef = 770BD23226CE209900E8CD4F /* DisplayMode.swift */; };
		770BD23526CE20AD00E8CD4F /* Root.swift in Sources */ = {isa = PBXBuildFile; fileRef = 770BD23426CE20AD00E8CD4F /* Root.swift */; };
		770BD23726CE210500E8CD4F /* HandType.swift in Sources */ = {isa = PBXBuildFile; fileRef = 770BD23626CE210500E8CD4F /* HandType.swift */; };
		770BD23926CE26FE00E8CD4F /* DisplayModeView.swift in Sources */ = {isa = PBXBuildFile; fileRef = 770BD23826CE26FE00E8CD4F /* DisplayModeView.swift */; };
		770BD23B26CE2A0800E8CD4F /* ArpeggioView.swift in Sources */ = {isa = PBXBuildFile; fileRef = 770BD23A26CE2A0800E8CD4F /* ArpeggioView.swift */; };
		774AD97B26C7459B00B41E6A /* PianoPracticeApp.swift in Sources */ = {isa = PBXBuildFile; fileRef = 774AD97A26C7459B00B41E6A /* PianoPracticeApp.swift */; };
		774AD97D26C7459B00B41E6A /* ContentView.swift in Sources */ = {isa = PBXBuildFile; fileRef = 774AD97C26C7459B00B41E6A /* ContentView.swift */; };
		774AD97F26C7459D00B41E6A /* Assets.xcassets in Resources */ = {isa = PBXBuildFile; fileRef = 774AD97E26C7459D00B41E6A /* Assets.xcassets */; };
		774AD98226C7459D00B41E6A /* Preview Assets.xcassets in Resources */ = {isa = PBXBuildFile; fileRef = 774AD98126C7459D00B41E6A /* Preview Assets.xcassets */; };
		774AD98C26C75CF700B41E6A /* NotesList.swift in Sources */ = {isa = PBXBuildFile; fileRef = 774AD98B26C75CF700B41E6A /* NotesList.swift */; };
		774AD98E26C75D4700B41E6A /* Random.swift in Sources */ = {isa = PBXBuildFile; fileRef = 774AD98D26C75D4700B41E6A /* Random.swift */; };
		7785181026D6374E006FEACF /* Bool.swift in Sources */ = {isa = PBXBuildFile; fileRef = 7785180F26D6374E006FEACF /* Bool.swift */; };
/* End PBXBuildFile section */

/* Begin PBXFileReference section */
		770BD16526C8AA8F00E8CD4F /* Color.swift */ = {isa = PBXFileReference; lastKnownFileType = sourcecode.swift; path = Color.swift; sourceTree = "<group>"; };
		770BD16726C8AAA400E8CD4F /* ModifiersListView.swift */ = {isa = PBXFileReference; lastKnownFileType = sourcecode.swift; path = ModifiersListView.swift; sourceTree = "<group>"; };
		770BD16926C8AAB800E8CD4F /* NextButton.swift */ = {isa = PBXFileReference; lastKnownFileType = sourcecode.swift; path = NextButton.swift; sourceTree = "<group>"; };
		770BD16E26C8B39F00E8CD4F /* Note.swift */ = {isa = PBXFileReference; lastKnownFileType = sourcecode.swift; path = Note.swift; sourceTree = "<group>"; };
		770BD17026C8B3B800E8CD4F /* Mode.swift */ = {isa = PBXFileReference; lastKnownFileType = sourcecode.swift; path = Mode.swift; sourceTree = "<group>"; };
		770BD17226C8B3C800E8CD4F /* Key.swift */ = {isa = PBXFileReference; lastKnownFileType = sourcecode.swift; path = Key.swift; sourceTree = "<group>"; };
		770BD17426C8B3D600E8CD4F /* Describable.swift */ = {isa = PBXFileReference; lastKnownFileType = sourcecode.swift; path = Describable.swift; sourceTree = "<group>"; };
		770BD17826C8B41000E8CD4F /* Rhythm.swift */ = {isa = PBXFileReference; lastKnownFileType = sourcecode.swift; path = Rhythm.swift; sourceTree = "<group>"; };
		770BD17A26C8B42300E8CD4F /* Scale.swift */ = {isa = PBXFileReference; lastKnownFileType = sourcecode.swift; path = Scale.swift; sourceTree = "<group>"; };
		770BD17C26C8B43500E8CD4F /* TimeSignature.swift */ = {isa = PBXFileReference; lastKnownFileType = sourcecode.swift; path = TimeSignature.swift; sourceTree = "<group>"; };
		770BD18226C8B4BB00E8CD4F /* Interval.swift */ = {isa = PBXFileReference; lastKnownFileType = sourcecode.swift; path = Interval.swift; sourceTree = "<group>"; };
		770BD18426C915F000E8CD4F /* PianoKey.swift */ = {isa = PBXFileReference; lastKnownFileType = sourcecode.swift; path = PianoKey.swift; sourceTree = "<group>"; };
		770BD18626C9165B00E8CD4F /* RoundedCornerShape.swift */ = {isa = PBXFileReference; lastKnownFileType = sourcecode.swift; path = RoundedCornerShape.swift; sourceTree = "<group>"; };
		770BD18826C9175500E8CD4F /* PianoOctave.swift */ = {isa = PBXFileReference; lastKnownFileType = sourcecode.swift; path = PianoOctave.swift; sourceTree = "<group>"; };
		770BD22626CDDA1100E8CD4F /* Modifiers.swift */ = {isa = PBXFileReference; lastKnownFileType = sourcecode.swift; path = Modifiers.swift; sourceTree = "<group>"; };
		770BD22826CDDBF800E8CD4F /* ModifierView.swift */ = {isa = PBXFileReference; lastKnownFileType = sourcecode.swift; path = ModifierView.swift; sourceTree = "<group>"; };
		770BD22A26CDDC9700E8CD4F /* ModifierHandView.swift */ = {isa = PBXFileReference; lastKnownFileType = sourcecode.swift; path = ModifierHandView.swift; sourceTree = "<group>"; };
		770BD22C26CE199B00E8CD4F /* ScaleView.swift */ = {isa = PBXFileReference; lastKnownFileType = sourcecode.swift; path = ScaleView.swift; sourceTree = "<group>"; };
		770BD23026CE205000E8CD4F /* Arpeggio.swift */ = {isa = PBXFileReference; lastKnownFileType = sourcecode.swift; path = Arpeggio.swift; sourceTree = "<group>"; };
		770BD23226CE209900E8CD4F /* DisplayMode.swift */ = {isa = PBXFileReference; lastKnownFileType = sourcecode.swift; path = DisplayMode.swift; sourceTree = "<group>"; };
		770BD23426CE20AD00E8CD4F /* Root.swift */ = {isa = PBXFileReference; lastKnownFileType = sourcecode.swift; path = Root.swift; sourceTree = "<group>"; };
		770BD23626CE210500E8CD4F /* HandType.swift */ = {isa = PBXFileReference; lastKnownFileType = sourcecode.swift; path = HandType.swift; sourceTree = "<group>"; };
		770BD23826CE26FE00E8CD4F /* DisplayModeView.swift */ = {isa = PBXFileReference; lastKnownFileType = sourcecode.swift; path = DisplayModeView.swift; sourceTree = "<group>"; };
		770BD23A26CE2A0800E8CD4F /* ArpeggioView.swift */ = {isa = PBXFileReference; lastKnownFileType = sourcecode.swift; path = ArpeggioView.swift; sourceTree = "<group>"; };
		770BD23C26CE341400E8CD4F /* PianoPractice.entitlements */ = {isa = PBXFileReference; lastKnownFileType = text.plist.entitlements; path = PianoPractice.entitlements; sourceTree = "<group>"; };
		774AD97726C7459B00B41E6A /* PianoPractice.app */ = {isa = PBXFileReference; explicitFileType = wrapper.application; includeInIndex = 0; path = PianoPractice.app; sourceTree = BUILT_PRODUCTS_DIR; };
		774AD97A26C7459B00B41E6A /* PianoPracticeApp.swift */ = {isa = PBXFileReference; lastKnownFileType = sourcecode.swift; path = PianoPracticeApp.swift; sourceTree = "<group>"; };
		774AD97C26C7459B00B41E6A /* ContentView.swift */ = {isa = PBXFileReference; lastKnownFileType = sourcecode.swift; path = ContentView.swift; sourceTree = "<group>"; };
		774AD97E26C7459D00B41E6A /* Assets.xcassets */ = {isa = PBXFileReference; lastKnownFileType = folder.assetcatalog; path = Assets.xcassets; sourceTree = "<group>"; };
		774AD98126C7459D00B41E6A /* Preview Assets.xcassets */ = {isa = PBXFileReference; lastKnownFileType = folder.assetcatalog; path = "Preview Assets.xcassets"; sourceTree = "<group>"; };
		774AD98326C7459D00B41E6A /* Info.plist */ = {isa = PBXFileReference; lastKnownFileType = text.plist.xml; path = Info.plist; sourceTree = "<group>"; };
		774AD98B26C75CF700B41E6A /* NotesList.swift */ = {isa = PBXFileReference; lastKnownFileType = sourcecode.swift; path = NotesList.swift; sourceTree = "<group>"; };
		774AD98D26C75D4700B41E6A /* Random.swift */ = {isa = PBXFileReference; lastKnownFileType = sourcecode.swift; path = Random.swift; sourceTree = "<group>"; };
		7785180F26D6374E006FEACF /* Bool.swift */ = {isa = PBXFileReference; lastKnownFileType = sourcecode.swift; path = Bool.swift; sourceTree = "<group>"; };
/* End PBXFileReference section */

/* Begin PBXFrameworksBuildPhase section */
		774AD97426C7459B00B41E6A /* Frameworks */ = {
			isa = PBXFrameworksBuildPhase;
			buildActionMask = 2147483647;
			files = (
			);
			runOnlyForDeploymentPostprocessing = 0;
		};
/* End PBXFrameworksBuildPhase section */

/* Begin PBXGroup section */
		770BD16B26C8B31000E8CD4F /* Views */ = {
			isa = PBXGroup;
			children = (
				770BD23A26CE2A0800E8CD4F /* ArpeggioView.swift */,
				774AD97C26C7459B00B41E6A /* ContentView.swift */,
				770BD23826CE26FE00E8CD4F /* DisplayModeView.swift */,
				770BD22A26CDDC9700E8CD4F /* ModifierHandView.swift */,
				770BD16726C8AAA400E8CD4F /* ModifiersListView.swift */,
				770BD22826CDDBF800E8CD4F /* ModifierView.swift */,
				770BD16926C8AAB800E8CD4F /* NextButton.swift */,
				774AD98B26C75CF700B41E6A /* NotesList.swift */,
				770BD18426C915F000E8CD4F /* PianoKey.swift */,
				770BD18826C9175500E8CD4F /* PianoOctave.swift */,
				770BD18626C9165B00E8CD4F /* RoundedCornerShape.swift */,
				770BD22C26CE199B00E8CD4F /* ScaleView.swift */,
			);
			path = Views;
			sourceTree = "<group>";
		};
		770BD16C26C8B32400E8CD4F /* Extensions */ = {
			isa = PBXGroup;
			children = (
				770BD16526C8AA8F00E8CD4F /* Color.swift */,
				770BD17426C8B3D600E8CD4F /* Describable.swift */,
				774AD98D26C75D4700B41E6A /* Random.swift */,
				7785180F26D6374E006FEACF /* Bool.swift */,
			);
			path = Extensions;
			sourceTree = "<group>";
		};
		770BD16D26C8B37400E8CD4F /* Models */ = {
			isa = PBXGroup;
			children = (
				770BD23026CE205000E8CD4F /* Arpeggio.swift */,
				770BD23226CE209900E8CD4F /* DisplayMode.swift */,
				770BD23626CE210500E8CD4F /* HandType.swift */,
				770BD18226C8B4BB00E8CD4F /* Interval.swift */,
				770BD17226C8B3C800E8CD4F /* Key.swift */,
				770BD17026C8B3B800E8CD4F /* Mode.swift */,
				770BD22626CDDA1100E8CD4F /* Modifiers.swift */,
				770BD16E26C8B39F00E8CD4F /* Note.swift */,
				770BD17826C8B41000E8CD4F /* Rhythm.swift */,
				770BD23426CE20AD00E8CD4F /* Root.swift */,
				770BD17A26C8B42300E8CD4F /* Scale.swift */,
				770BD17C26C8B43500E8CD4F /* TimeSignature.swift */,
			);
			path = Models;
			sourceTree = "<group>";
		};
		774AD96E26C7459B00B41E6A = {
			isa = PBXGroup;
			children = (
				774AD97926C7459B00B41E6A /* PianoPractice */,
				774AD97826C7459B00B41E6A /* Products */,
			);
			sourceTree = "<group>";
		};
		774AD97826C7459B00B41E6A /* Products */ = {
			isa = PBXGroup;
			children = (
				774AD97726C7459B00B41E6A /* PianoPractice.app */,
			);
			name = Products;
			sourceTree = "<group>";
		};
		774AD97926C7459B00B41E6A /* PianoPractice */ = {
			isa = PBXGroup;
			children = (
				770BD23C26CE341400E8CD4F /* PianoPractice.entitlements */,
				774AD97E26C7459D00B41E6A /* Assets.xcassets */,
				770BD16C26C8B32400E8CD4F /* Extensions */,
				774AD98326C7459D00B41E6A /* Info.plist */,
				770BD16D26C8B37400E8CD4F /* Models */,
				774AD97A26C7459B00B41E6A /* PianoPracticeApp.swift */,
				774AD98026C7459D00B41E6A /* Preview Content */,
				770BD16B26C8B31000E8CD4F /* Views */,
			);
			path = PianoPractice;
			sourceTree = "<group>";
		};
		774AD98026C7459D00B41E6A /* Preview Content */ = {
			isa = PBXGroup;
			children = (
				774AD98126C7459D00B41E6A /* Preview Assets.xcassets */,
			);
			path = "Preview Content";
			sourceTree = "<group>";
		};
/* End PBXGroup section */

/* Begin PBXNativeTarget section */
		774AD97626C7459B00B41E6A /* PianoPractice */ = {
			isa = PBXNativeTarget;
			buildConfigurationList = 774AD98626C7459D00B41E6A /* Build configuration list for PBXNativeTarget "PianoPractice" */;
			buildPhases = (
				774AD97326C7459B00B41E6A /* Sources */,
				774AD97426C7459B00B41E6A /* Frameworks */,
				774AD97526C7459B00B41E6A /* Resources */,
			);
			buildRules = (
			);
			dependencies = (
			);
			name = PianoPractice;
			productName = PianoPractice;
			productReference = 774AD97726C7459B00B41E6A /* PianoPractice.app */;
			productType = "com.apple.product-type.application";
		};
/* End PBXNativeTarget section */

/* Begin PBXProject section */
		774AD96F26C7459B00B41E6A /* Project object */ = {
			isa = PBXProject;
			attributes = {
				LastSwiftUpdateCheck = 1250;
				LastUpgradeCheck = 1250;
				TargetAttributes = {
					774AD97626C7459B00B41E6A = {
						CreatedOnToolsVersion = 12.5;
					};
				};
			};
			buildConfigurationList = 774AD97226C7459B00B41E6A /* Build configuration list for PBXProject "PianoPractice" */;
			compatibilityVersion = "Xcode 9.3";
			developmentRegion = en;
			hasScannedForEncodings = 0;
			knownRegions = (
				en,
				Base,
			);
			mainGroup = 774AD96E26C7459B00B41E6A;
			productRefGroup = 774AD97826C7459B00B41E6A /* Products */;
			projectDirPath = "";
			projectRoot = "";
			targets = (
				774AD97626C7459B00B41E6A /* PianoPractice */,
			);
		};
/* End PBXProject section */

/* Begin PBXResourcesBuildPhase section */
		774AD97526C7459B00B41E6A /* Resources */ = {
			isa = PBXResourcesBuildPhase;
			buildActionMask = 2147483647;
			files = (
				774AD98226C7459D00B41E6A /* Preview Assets.xcassets in Resources */,
				774AD97F26C7459D00B41E6A /* Assets.xcassets in Resources */,
			);
			runOnlyForDeploymentPostprocessing = 0;
		};
/* End PBXResourcesBuildPhase section */

/* Begin PBXSourcesBuildPhase section */
		774AD97326C7459B00B41E6A /* Sources */ = {
			isa = PBXSourcesBuildPhase;
			buildActionMask = 2147483647;
			files = (
				770BD22926CDDBF800E8CD4F /* ModifierView.swift in Sources */,
				770BD17526C8B3D600E8CD4F /* Describable.swift in Sources */,
				770BD23126CE205000E8CD4F /* Arpeggio.swift in Sources */,
				770BD16826C8AAA400E8CD4F /* ModifiersListView.swift in Sources */,
				770BD17926C8B41000E8CD4F /* Rhythm.swift in Sources */,
				770BD17326C8B3C800E8CD4F /* Key.swift in Sources */,
				770BD22B26CDDC9700E8CD4F /* ModifierHandView.swift in Sources */,
				770BD18526C915F000E8CD4F /* PianoKey.swift in Sources */,
				770BD23526CE20AD00E8CD4F /* Root.swift in Sources */,
				770BD23726CE210500E8CD4F /* HandType.swift in Sources */,
				770BD23326CE209900E8CD4F /* DisplayMode.swift in Sources */,
				774AD97D26C7459B00B41E6A /* ContentView.swift in Sources */,
				774AD98E26C75D4700B41E6A /* Random.swift in Sources */,
				770BD18326C8B4BB00E8CD4F /* Interval.swift in Sources */,
				770BD23B26CE2A0800E8CD4F /* ArpeggioView.swift in Sources */,
				774AD97B26C7459B00B41E6A /* PianoPracticeApp.swift in Sources */,
				770BD22726CDDA1100E8CD4F /* Modifiers.swift in Sources */,
				770BD18926C9175500E8CD4F /* PianoOctave.swift in Sources */,
				770BD18726C9165B00E8CD4F /* RoundedCornerShape.swift in Sources */,
				770BD16F26C8B39F00E8CD4F /* Note.swift in Sources */,
				770BD17126C8B3B800E8CD4F /* Mode.swift in Sources */,
				774AD98C26C75CF700B41E6A /* NotesList.swift in Sources */,
				7785181026D6374E006FEACF /* Bool.swift in Sources */,
				770BD16A26C8AAB800E8CD4F /* NextButton.swift in Sources */,
				770BD17B26C8B42300E8CD4F /* Scale.swift in Sources */,
				770BD22D26CE199B00E8CD4F /* ScaleView.swift in Sources */,
				770BD16626C8AA8F00E8CD4F /* Color.swift in Sources */,
				770BD23926CE26FE00E8CD4F /* DisplayModeView.swift in Sources */,
				770BD17D26C8B43500E8CD4F /* TimeSignature.swift in Sources */,
			);
			runOnlyForDeploymentPostprocessing = 0;
		};
/* End PBXSourcesBuildPhase section */

/* Begin XCBuildConfiguration section */
		774AD98426C7459D00B41E6A /* Debug */ = {
			isa = XCBuildConfiguration;
			buildSettings = {
				ALWAYS_SEARCH_USER_PATHS = NO;
				CLANG_ANALYZER_NONNULL = YES;
				CLANG_ANALYZER_NUMBER_OBJECT_CONVERSION = YES_AGGRESSIVE;
				CLANG_CXX_LANGUAGE_STANDARD = "gnu++14";
				CLANG_CXX_LIBRARY = "libc++";
				CLANG_ENABLE_MODULES = YES;
				CLANG_ENABLE_OBJC_ARC = YES;
				CLANG_ENABLE_OBJC_WEAK = YES;
				CLANG_WARN_BLOCK_CAPTURE_AUTORELEASING = YES;
				CLANG_WARN_BOOL_CONVERSION = YES;
				CLANG_WARN_COMMA = YES;
				CLANG_WARN_CONSTANT_CONVERSION = YES;
				CLANG_WARN_DEPRECATED_OBJC_IMPLEMENTATIONS = YES;
				CLANG_WARN_DIRECT_OBJC_ISA_USAGE = YES_ERROR;
				CLANG_WARN_DOCUMENTATION_COMMENTS = YES;
				CLANG_WARN_EMPTY_BODY = YES;
				CLANG_WARN_ENUM_CONVERSION = YES;
				CLANG_WARN_INFINITE_RECURSION = YES;
				CLANG_WARN_INT_CONVERSION = YES;
				CLANG_WARN_NON_LITERAL_NULL_CONVERSION = YES;
				CLANG_WARN_OBJC_IMPLICIT_RETAIN_SELF = YES;
				CLANG_WARN_OBJC_LITERAL_CONVERSION = YES;
				CLANG_WARN_OBJC_ROOT_CLASS = YES_ERROR;
				CLANG_WARN_QUOTED_INCLUDE_IN_FRAMEWORK_HEADER = YES;
				CLANG_WARN_RANGE_LOOP_ANALYSIS = YES;
				CLANG_WARN_STRICT_PROTOTYPES = YES;
				CLANG_WARN_SUSPICIOUS_MOVE = YES;
				CLANG_WARN_UNGUARDED_AVAILABILITY = YES_AGGRESSIVE;
				CLANG_WARN_UNREACHABLE_CODE = YES;
				CLANG_WARN__DUPLICATE_METHOD_MATCH = YES;
				COPY_PHASE_STRIP = NO;
				DEBUG_INFORMATION_FORMAT = dwarf;
				ENABLE_STRICT_OBJC_MSGSEND = YES;
				ENABLE_TESTABILITY = YES;
				GCC_C_LANGUAGE_STANDARD = gnu11;
				GCC_DYNAMIC_NO_PIC = NO;
				GCC_NO_COMMON_BLOCKS = YES;
				GCC_OPTIMIZATION_LEVEL = 0;
				GCC_PREPROCESSOR_DEFINITIONS = (
					"DEBUG=1",
					"$(inherited)",
				);
				GCC_WARN_64_TO_32_BIT_CONVERSION = YES;
				GCC_WARN_ABOUT_RETURN_TYPE = YES_ERROR;
				GCC_WARN_UNDECLARED_SELECTOR = YES;
				GCC_WARN_UNINITIALIZED_AUTOS = YES_AGGRESSIVE;
				GCC_WARN_UNUSED_FUNCTION = YES;
				GCC_WARN_UNUSED_VARIABLE = YES;
				IPHONEOS_DEPLOYMENT_TARGET = 14.5;
				MTL_ENABLE_DEBUG_INFO = INCLUDE_SOURCE;
				MTL_FAST_MATH = YES;
				ONLY_ACTIVE_ARCH = YES;
				SDKROOT = iphoneos;
				SWIFT_ACTIVE_COMPILATION_CONDITIONS = DEBUG;
				SWIFT_OPTIMIZATION_LEVEL = "-Onone";
			};
			name = Debug;
		};
		774AD98526C7459D00B41E6A /* Release */ = {
			isa = XCBuildConfiguration;
			buildSettings = {
				ALWAYS_SEARCH_USER_PATHS = NO;
				CLANG_ANALYZER_NONNULL = YES;
				CLANG_ANALYZER_NUMBER_OBJECT_CONVERSION = YES_AGGRESSIVE;
				CLANG_CXX_LANGUAGE_STANDARD = "gnu++14";
				CLANG_CXX_LIBRARY = "libc++";
				CLANG_ENABLE_MODULES = YES;
				CLANG_ENABLE_OBJC_ARC = YES;
				CLANG_ENABLE_OBJC_WEAK = YES;
				CLANG_WARN_BLOCK_CAPTURE_AUTORELEASING = YES;
				CLANG_WARN_BOOL_CONVERSION = YES;
				CLANG_WARN_COMMA = YES;
				CLANG_WARN_CONSTANT_CONVERSION = YES;
				CLANG_WARN_DEPRECATED_OBJC_IMPLEMENTATIONS = YES;
				CLANG_WARN_DIRECT_OBJC_ISA_USAGE = YES_ERROR;
				CLANG_WARN_DOCUMENTATION_COMMENTS = YES;
				CLANG_WARN_EMPTY_BODY = YES;
				CLANG_WARN_ENUM_CONVERSION = YES;
				CLANG_WARN_INFINITE_RECURSION = YES;
				CLANG_WARN_INT_CONVERSION = YES;
				CLANG_WARN_NON_LITERAL_NULL_CONVERSION = YES;
				CLANG_WARN_OBJC_IMPLICIT_RETAIN_SELF = YES;
				CLANG_WARN_OBJC_LITERAL_CONVERSION = YES;
				CLANG_WARN_OBJC_ROOT_CLASS = YES_ERROR;
				CLANG_WARN_QUOTED_INCLUDE_IN_FRAMEWORK_HEADER = YES;
				CLANG_WARN_RANGE_LOOP_ANALYSIS = YES;
				CLANG_WARN_STRICT_PROTOTYPES = YES;
				CLANG_WARN_SUSPICIOUS_MOVE = YES;
				CLANG_WARN_UNGUARDED_AVAILABILITY = YES_AGGRESSIVE;
				CLANG_WARN_UNREACHABLE_CODE = YES;
				CLANG_WARN__DUPLICATE_METHOD_MATCH = YES;
				COPY_PHASE_STRIP = NO;
				DEBUG_INFORMATION_FORMAT = "dwarf-with-dsym";
				ENABLE_NS_ASSERTIONS = NO;
				ENABLE_STRICT_OBJC_MSGSEND = YES;
				GCC_C_LANGUAGE_STANDARD = gnu11;
				GCC_NO_COMMON_BLOCKS = YES;
				GCC_WARN_64_TO_32_BIT_CONVERSION = YES;
				GCC_WARN_ABOUT_RETURN_TYPE = YES_ERROR;
				GCC_WARN_UNDECLARED_SELECTOR = YES;
				GCC_WARN_UNINITIALIZED_AUTOS = YES_AGGRESSIVE;
				GCC_WARN_UNUSED_FUNCTION = YES;
				GCC_WARN_UNUSED_VARIABLE = YES;
				IPHONEOS_DEPLOYMENT_TARGET = 14.5;
				MTL_ENABLE_DEBUG_INFO = NO;
				MTL_FAST_MATH = YES;
				SDKROOT = iphoneos;
				SWIFT_COMPILATION_MODE = wholemodule;
				SWIFT_OPTIMIZATION_LEVEL = "-O";
				VALIDATE_PRODUCT = YES;
			};
			name = Release;
		};
		774AD98726C7459D00B41E6A /* Debug */ = {
			isa = XCBuildConfiguration;
			buildSettings = {
				ASSETCATALOG_COMPILER_APPICON_NAME = AppIcon;
				ASSETCATALOG_COMPILER_GLOBAL_ACCENT_COLOR_NAME = AccentColor;
				CODE_SIGN_ENTITLEMENTS = PianoPractice/PianoPractice.entitlements;
				CODE_SIGN_STYLE = Automatic;
				DEVELOPMENT_ASSET_PATHS = "\"PianoPractice/Preview Content\"";
				DEVELOPMENT_TEAM = 7VYBQV3T2Q;
				ENABLE_PREVIEWS = YES;
				INFOPLIST_FILE = PianoPractice/Info.plist;
				IPHONEOS_DEPLOYMENT_TARGET = 14.0;
				LD_RUNPATH_SEARCH_PATHS = (
					"$(inherited)",
					"@executable_path/Frameworks",
				);
				PRODUCT_BUNDLE_IDENTIFIER = com.novationmusic.PianoPractice;
				PRODUCT_NAME = "$(TARGET_NAME)";
				SUPPORTS_MACCATALYST = YES;
				SWIFT_VERSION = 5.0;
				TARGETED_DEVICE_FAMILY = "1,2,6";
			};
			name = Debug;
		};
		774AD98826C7459D00B41E6A /* Release */ = {
			isa = XCBuildConfiguration;
			buildSettings = {
				ASSETCATALOG_COMPILER_APPICON_NAME = AppIcon;
				ASSETCATALOG_COMPILER_GLOBAL_ACCENT_COLOR_NAME = AccentColor;
				CODE_SIGN_ENTITLEMENTS = PianoPractice/PianoPractice.entitlements;
				CODE_SIGN_STYLE = Automatic;
				DEVELOPMENT_ASSET_PATHS = "\"PianoPractice/Preview Content\"";
				DEVELOPMENT_TEAM = 7VYBQV3T2Q;
				ENABLE_PREVIEWS = YES;
				INFOPLIST_FILE = PianoPractice/Info.plist;
				IPHONEOS_DEPLOYMENT_TARGET = 14.0;
				LD_RUNPATH_SEARCH_PATHS = (
					"$(inherited)",
					"@executable_path/Frameworks",
				);
				PRODUCT_BUNDLE_IDENTIFIER = com.novationmusic.PianoPractice;
				PRODUCT_NAME = "$(TARGET_NAME)";
				SUPPORTS_MACCATALYST = YES;
				SWIFT_VERSION = 5.0;
				TARGETED_DEVICE_FAMILY = "1,2,6";
			};
			name = Release;
		};
/* End XCBuildConfiguration section */

/* Begin XCConfigurationList section */
		774AD97226C7459B00B41E6A /* Build configuration list for PBXProject "PianoPractice" */ = {
			isa = XCConfigurationList;
			buildConfigurations = (
				774AD98426C7459D00B41E6A /* Debug */,
				774AD98526C7459D00B41E6A /* Release */,
			);
			defaultConfigurationIsVisible = 0;
			defaultConfigurationName = Release;
		};
		774AD98626C7459D00B41E6A /* Build configuration list for PBXNativeTarget "PianoPractice" */ = {
			isa = XCConfigurationList;
			buildConfigurations = (
				774AD98726C7459D00B41E6A /* Debug */,
				774AD98826C7459D00B41E6A /* Release */,
			);
			defaultConfigurationIsVisible = 0;
			defaultConfigurationName = Release;
		};
/* End XCConfigurationList section */
	};
	rootObject = 774AD96F26C7459B00B41E6A /* Project object */;
}
